// !$*UTF8*$!
{
	archiveVersion = 1;
	classes = {
	};
	objectVersion = 51;
	objects = {

/* Begin PBXBuildFile section */
		3F6641A325D42B17009D1027 /* AppDelegate.swift in Sources */ = {isa = PBXBuildFile; fileRef = 3F6641A225D42B17009D1027 /* AppDelegate.swift */; };
		3F6641A525D42B17009D1027 /* SceneDelegate.swift in Sources */ = {isa = PBXBuildFile; fileRef = 3F6641A425D42B17009D1027 /* SceneDelegate.swift */; };
		3F6641A725D42B17009D1027 /* ViewController.swift in Sources */ = {isa = PBXBuildFile; fileRef = 3F6641A625D42B17009D1027 /* ViewController.swift */; };
		3F6641AA25D42B17009D1027 /* Main.storyboard in Resources */ = {isa = PBXBuildFile; fileRef = 3F6641A825D42B17009D1027 /* Main.storyboard */; };
		3F6641AC25D42B1A009D1027 /* Assets.xcassets in Resources */ = {isa = PBXBuildFile; fileRef = 3F6641AB25D42B1A009D1027 /* Assets.xcassets */; };
		3F6641AF25D42B1A009D1027 /* LaunchScreen.storyboard in Resources */ = {isa = PBXBuildFile; fileRef = 3F6641AD25D42B1A009D1027 /* LaunchScreen.storyboard */; };
		3F6641BD25D42CF5009D1027 /* DB.swift in Sources */ = {isa = PBXBuildFile; fileRef = 3F6641BC25D42CF5009D1027 /* DB.swift */; };
		3F6641C025D42ECC009D1027 /* ProductTable.swift in Sources */ = {isa = PBXBuildFile; fileRef = 3F6641BF25D42ECC009D1027 /* ProductTable.swift */; };
		92245DF8DA05D5273FCF1153 /* Pods_HW4.framework in Frameworks */ = {isa = PBXBuildFile; fileRef = 2E891BA724A2104395B34E37 /* Pods_HW4.framework */; };
/* End PBXBuildFile section */

/* Begin PBXFileReference section */
		2E891BA724A2104395B34E37 /* Pods_HW4.framework */ = {isa = PBXFileReference; explicitFileType = wrapper.framework; includeInIndex = 0; path = Pods_HW4.framework; sourceTree = BUILT_PRODUCTS_DIR; };
		3F66419F25D42B17009D1027 /* HW4.app */ = {isa = PBXFileReference; explicitFileType = wrapper.application; includeInIndex = 0; path = HW4.app; sourceTree = BUILT_PRODUCTS_DIR; };
		3F6641A225D42B17009D1027 /* AppDelegate.swift */ = {isa = PBXFileReference; lastKnownFileType = sourcecode.swift; path = AppDelegate.swift; sourceTree = "<group>"; };
		3F6641A425D42B17009D1027 /* SceneDelegate.swift */ = {isa = PBXFileReference; lastKnownFileType = sourcecode.swift; path = SceneDelegate.swift; sourceTree = "<group>"; };
		3F6641A625D42B17009D1027 /* ViewController.swift */ = {isa = PBXFileReference; lastKnownFileType = sourcecode.swift; path = ViewController.swift; sourceTree = "<group>"; };
		3F6641A925D42B17009D1027 /* Base */ = {isa = PBXFileReference; lastKnownFileType = file.storyboard; name = Base; path = Base.lproj/Main.storyboard; sourceTree = "<group>"; };
		3F6641AB25D42B1A009D1027 /* Assets.xcassets */ = {isa = PBXFileReference; lastKnownFileType = folder.assetcatalog; path = Assets.xcassets; sourceTree = "<group>"; };
		3F6641AE25D42B1A009D1027 /* Base */ = {isa = PBXFileReference; lastKnownFileType = file.storyboard; name = Base; path = Base.lproj/LaunchScreen.storyboard; sourceTree = "<group>"; };
		3F6641B025D42B1A009D1027 /* Info.plist */ = {isa = PBXFileReference; lastKnownFileType = text.plist.xml; path = Info.plist; sourceTree = "<group>"; };
		3F6641BC25D42CF5009D1027 /* DB.swift */ = {isa = PBXFileReference; lastKnownFileType = sourcecode.swift; path = DB.swift; sourceTree = "<group>"; };
		3F6641BF25D42ECC009D1027 /* ProductTable.swift */ = {isa = PBXFileReference; lastKnownFileType = sourcecode.swift; path = ProductTable.swift; sourceTree = "<group>"; };
		5D99A22C0AEE5006E6943A07 /* Pods-HW4.debug.xcconfig */ = {isa = PBXFileReference; includeInIndex = 1; lastKnownFileType = text.xcconfig; name = "Pods-HW4.debug.xcconfig"; path = "Target Support Files/Pods-HW4/Pods-HW4.debug.xcconfig"; sourceTree = "<group>"; };
		AAFE9620D256392557FF381D /* Pods-HW4.release.xcconfig */ = {isa = PBXFileReference; includeInIndex = 1; lastKnownFileType = text.xcconfig; name = "Pods-HW4.release.xcconfig"; path = "Target Support Files/Pods-HW4/Pods-HW4.release.xcconfig"; sourceTree = "<group>"; };
/* End PBXFileReference section */

/* Begin PBXFrameworksBuildPhase section */
		3F66419C25D42B17009D1027 /* Frameworks */ = {
			isa = PBXFrameworksBuildPhase;
			buildActionMask = 2147483647;
			files = (
				92245DF8DA05D5273FCF1153 /* Pods_HW4.framework in Frameworks */,
			);
			runOnlyForDeploymentPostprocessing = 0;
		};
/* End PBXFrameworksBuildPhase section */

/* Begin PBXGroup section */
		3F66419625D42B17009D1027 = {
			isa = PBXGroup;
			children = (
				3F6641A125D42B17009D1027 /* HW4 */,
				3F6641A025D42B17009D1027 /* Products */,
				8242D988C2D02A34E0A29724 /* Pods */,
				54FD08466BAB44708599BADB /* Frameworks */,
			);
			sourceTree = "<group>";
		};
		3F6641A025D42B17009D1027 /* Products */ = {
			isa = PBXGroup;
			children = (
				3F66419F25D42B17009D1027 /* HW4.app */,
			);
			name = Products;
			sourceTree = "<group>";
		};
		3F6641A125D42B17009D1027 /* HW4 */ = {
			isa = PBXGroup;
			children = (
				3F6641A225D42B17009D1027 /* AppDelegate.swift */,
				3F6641A425D42B17009D1027 /* SceneDelegate.swift */,
				3F6641A625D42B17009D1027 /* ViewController.swift */,
				3F6641A825D42B17009D1027 /* Main.storyboard */,
				3F6641AB25D42B1A009D1027 /* Assets.xcassets */,
				3F6641AD25D42B1A009D1027 /* LaunchScreen.storyboard */,
				3F6641B025D42B1A009D1027 /* Info.plist */,
				3F6641BC25D42CF5009D1027 /* DB.swift */,
				3F6641BF25D42ECC009D1027 /* ProductTable.swift */,
			);
			path = HW4;
			sourceTree = "<group>";
		};
		54FD08466BAB44708599BADB /* Frameworks */ = {
			isa = PBXGroup;
			children = (
				2E891BA724A2104395B34E37 /* Pods_HW4.framework */,
			);
			name = Frameworks;
			sourceTree = "<group>";
		};
		8242D988C2D02A34E0A29724 /* Pods */ = {
			isa = PBXGroup;
			children = (
				5D99A22C0AEE5006E6943A07 /* Pods-HW4.debug.xcconfig */,
				AAFE9620D256392557FF381D /* Pods-HW4.release.xcconfig */,
			);
			path = Pods;
			sourceTree = "<group>";
		};
/* End PBXGroup section */

/* Begin PBXNativeTarget section */
		3F66419E25D42B17009D1027 /* HW4 */ = {
			isa = PBXNativeTarget;
			buildConfigurationList = 3F6641B325D42B1A009D1027 /* Build configuration list for PBXNativeTarget "HW4" */;
			buildPhases = (
				2C7024DF1ECF5149948DA9B2 /* [CP] Check Pods Manifest.lock */,
				3F66419B25D42B17009D1027 /* Sources */,
				3F66419C25D42B17009D1027 /* Frameworks */,
				3F66419D25D42B17009D1027 /* Resources */,
				70A9ABD31641C97E69B6690C /* [CP] Embed Pods Frameworks */,
			);
			buildRules = (
			);
			dependencies = (
			);
			name = HW4;
			productName = HW4;
			productReference = 3F66419F25D42B17009D1027 /* HW4.app */;
			productType = "com.apple.product-type.application";
		};
/* End PBXNativeTarget section */

/* Begin PBXProject section */
		3F66419725D42B17009D1027 /* Project object */ = {
			isa = PBXProject;
			attributes = {
				LastSwiftUpdateCheck = 1230;
				LastUpgradeCheck = 1230;
				TargetAttributes = {
					3F66419E25D42B17009D1027 = {
						CreatedOnToolsVersion = 12.3;
					};
				};
			};
			buildConfigurationList = 3F66419A25D42B17009D1027 /* Build configuration list for PBXProject "HW4" */;
			compatibilityVersion = "Xcode 9.3";
			developmentRegion = en;
			hasScannedForEncodings = 0;
			knownRegions = (
				en,
				Base,
			);
			mainGroup = 3F66419625D42B17009D1027;
			productRefGroup = 3F6641A025D42B17009D1027 /* Products */;
			projectDirPath = "";
			projectRoot = "";
			targets = (
				3F66419E25D42B17009D1027 /* HW4 */,
			);
		};
/* End PBXProject section */

/* Begin PBXResourcesBuildPhase section */
		3F66419D25D42B17009D1027 /* Resources */ = {
			isa = PBXResourcesBuildPhase;
			buildActionMask = 2147483647;
			files = (
				3F6641AF25D42B1A009D1027 /* LaunchScreen.storyboard in Resources */,
				3F6641AC25D42B1A009D1027 /* Assets.xcassets in Resources */,
				3F6641AA25D42B17009D1027 /* Main.storyboard in Resources */,
			);
			runOnlyForDeploymentPostprocessing = 0;
		};
/* End PBXResourcesBuildPhase section */

/* Begin PBXShellScriptBuildPhase section */
		2C7024DF1ECF5149948DA9B2 /* [CP] Check Pods Manifest.lock */ = {
			isa = PBXShellScriptBuildPhase;
			buildActionMask = 2147483647;
			files = (
			);
			inputFileListPaths = (
			);
			inputPaths = (
				"${PODS_PODFILE_DIR_PATH}/Podfile.lock",
				"${PODS_ROOT}/Manifest.lock",
			);
			name = "[CP] Check Pods Manifest.lock";
			outputFileListPaths = (
			);
			outputPaths = (
				"$(DERIVED_FILE_DIR)/Pods-HW4-checkManifestLockResult.txt",
			);
			runOnlyForDeploymentPostprocessing = 0;
			shellPath = /bin/sh;
			shellScript = "diff \"${PODS_PODFILE_DIR_PATH}/Podfile.lock\" \"${PODS_ROOT}/Manifest.lock\" > /dev/null\nif [ $? != 0 ] ; then\n    # print error to STDERR\n    echo \"error: The sandbox is not in sync with the Podfile.lock. Run 'pod install' or update your CocoaPods installation.\" >&2\n    exit 1\nfi\n# This output is used by Xcode 'outputs' to avoid re-running this script phase.\necho \"SUCCESS\" > \"${SCRIPT_OUTPUT_FILE_0}\"\n";
			showEnvVarsInLog = 0;
		};
		70A9ABD31641C97E69B6690C /* [CP] Embed Pods Frameworks */ = {
			isa = PBXShellScriptBuildPhase;
			buildActionMask = 2147483647;
			files = (
			);
			inputFileListPaths = (
				"${PODS_ROOT}/Target Support Files/Pods-HW4/Pods-HW4-frameworks-${CONFIGURATION}-input-files.xcfilelist",
			);
			name = "[CP] Embed Pods Frameworks";
			outputFileListPaths = (
				"${PODS_ROOT}/Target Support Files/Pods-HW4/Pods-HW4-frameworks-${CONFIGURATION}-output-files.xcfilelist",
			);
			runOnlyForDeploymentPostprocessing = 0;
			shellPath = /bin/sh;
			shellScript = "\"${PODS_ROOT}/Target Support Files/Pods-HW4/Pods-HW4-frameworks.sh\"\n";
			showEnvVarsInLog = 0;
		};
/* End PBXShellScriptBuildPhase section */

/* Begin PBXSourcesBuildPhase section */
		3F66419B25D42B17009D1027 /* Sources */ = {
			isa = PBXSourcesBuildPhase;
			buildActionMask = 2147483647;
			files = (
				3F6641C025D42ECC009D1027 /* ProductTable.swift in Sources */,
				3F6641A725D42B17009D1027 /* ViewController.swift in Sources */,
				3F6641BD25D42CF5009D1027 /* DB.swift in Sources */,
				3F6641A325D42B17009D1027 /* AppDelegate.swift in Sources */,
				3F6641A525D42B17009D1027 /* SceneDelegate.swift in Sources */,
			);
			runOnlyForDeploymentPostprocessing = 0;
		};
/* End PBXSourcesBuildPhase section */

/* Begin PBXVariantGroup section */
		3F6641A825D42B17009D1027 /* Main.storyboard */ = {
			isa = PBXVariantGroup;
			children = (
				3F6641A925D42B17009D1027 /* Base */,
			);
			name = Main.storyboard;
			sourceTree = "<group>";
		};
		3F6641AD25D42B1A009D1027 /* LaunchScreen.storyboard */ = {
			isa = PBXVariantGroup;
			children = (
				3F6641AE25D42B1A009D1027 /* Base */,
			);
			name = LaunchScreen.storyboard;
			sourceTree = "<group>";
		};
/* End PBXVariantGroup section */

/* Begin XCBuildConfiguration section */
		3F6641B125D42B1A009D1027 /* Debug */ = {
			isa = XCBuildConfiguration;
			buildSettings = {
				ALWAYS_SEARCH_USER_PATHS = NO;
				CLANG_ANALYZER_NONNULL = YES;
				CLANG_ANALYZER_NUMBER_OBJECT_CONVERSION = YES_AGGRESSIVE;
				CLANG_CXX_LANGUAGE_STANDARD = "gnu++14";
				CLANG_CXX_LIBRARY = "libc++";
				CLANG_ENABLE_MODULES = YES;
				CLANG_ENABLE_OBJC_ARC = YES;
				CLANG_ENABLE_OBJC_WEAK = YES;
				CLANG_WARN_BLOCK_CAPTURE_AUTORELEASING = YES;
				CLANG_WARN_BOOL_CONVERSION = YES;
				CLANG_WARN_COMMA = YES;
				CLANG_WARN_CONSTANT_CONVERSION = YES;
				CLANG_WARN_DEPRECATED_OBJC_IMPLEMENTATIONS = YES;
				CLANG_WARN_DIRECT_OBJC_ISA_USAGE = YES_ERROR;
				CLANG_WARN_DOCUMENTATION_COMMENTS = YES;
				CLANG_WARN_EMPTY_BODY = YES;
				CLANG_WARN_ENUM_CONVERSION = YES;
				CLANG_WARN_INFINITE_RECURSION = YES;
				CLANG_WARN_INT_CONVERSION = YES;
				CLANG_WARN_NON_LITERAL_NULL_CONVERSION = YES;
				CLANG_WARN_OBJC_IMPLICIT_RETAIN_SELF = YES;
				CLANG_WARN_OBJC_LITERAL_CONVERSION = YES;
				CLANG_WARN_OBJC_ROOT_CLASS = YES_ERROR;
				CLANG_WARN_QUOTED_INCLUDE_IN_FRAMEWORK_HEADER = YES;
				CLANG_WARN_RANGE_LOOP_ANALYSIS = YES;
				CLANG_WARN_STRICT_PROTOTYPES = YES;
				CLANG_WARN_SUSPICIOUS_MOVE = YES;
				CLANG_WARN_UNGUARDED_AVAILABILITY = YES_AGGRESSIVE;
				CLANG_WARN_UNREACHABLE_CODE = YES;
				CLANG_WARN__DUPLICATE_METHOD_MATCH = YES;
				COPY_PHASE_STRIP = NO;
				DEBUG_INFORMATION_FORMAT = dwarf;
				ENABLE_STRICT_OBJC_MSGSEND = YES;
				ENABLE_TESTABILITY = YES;
				GCC_C_LANGUAGE_STANDARD = gnu11;
				GCC_DYNAMIC_NO_PIC = NO;
				GCC_NO_COMMON_BLOCKS = YES;
				GCC_OPTIMIZATION_LEVEL = 0;
				GCC_PREPROCESSOR_DEFINITIONS = (
					"DEBUG=1",
					"$(inherited)",
				);
				GCC_WARN_64_TO_32_BIT_CONVERSION = YES;
				GCC_WARN_ABOUT_RETURN_TYPE = YES_ERROR;
				GCC_WARN_UNDECLARED_SELECTOR = YES;
				GCC_WARN_UNINITIALIZED_AUTOS = YES_AGGRESSIVE;
				GCC_WARN_UNUSED_FUNCTION = YES;
				GCC_WARN_UNUSED_VARIABLE = YES;
				IPHONEOS_DEPLOYMENT_TARGET = 14.3;
				MTL_ENABLE_DEBUG_INFO = INCLUDE_SOURCE;
				MTL_FAST_MATH = YES;
				ONLY_ACTIVE_ARCH = YES;
				SDKROOT = iphoneos;
				SWIFT_ACTIVE_COMPILATION_CONDITIONS = DEBUG;
				SWIFT_OPTIMIZATION_LEVEL = "-Onone";
			};
			name = Debug;
		};
		3F6641B225D42B1A009D1027 /* Release */ = {
			isa = XCBuildConfiguration;
			buildSettings = {
				ALWAYS_SEARCH_USER_PATHS = NO;
				CLANG_ANALYZER_NONNULL = YES;
				CLANG_ANALYZER_NUMBER_OBJECT_CONVERSION = YES_AGGRESSIVE;
				CLANG_CXX_LANGUAGE_STANDARD = "gnu++14";
				CLANG_CXX_LIBRARY = "libc++";
				CLANG_ENABLE_MODULES = YES;
				CLANG_ENABLE_OBJC_ARC = YES;
				CLANG_ENABLE_OBJC_WEAK = YES;
				CLANG_WARN_BLOCK_CAPTURE_AUTORELEASING = YES;
				CLANG_WARN_BOOL_CONVERSION = YES;
				CLANG_WARN_COMMA = YES;
				CLANG_WARN_CONSTANT_CONVERSION = YES;
				CLANG_WARN_DEPRECATED_OBJC_IMPLEMENTATIONS = YES;
				CLANG_WARN_DIRECT_OBJC_ISA_USAGE = YES_ERROR;
				CLANG_WARN_DOCUMENTATION_COMMENTS = YES;
				CLANG_WARN_EMPTY_BODY = YES;
				CLANG_WARN_ENUM_CONVERSION = YES;
				CLANG_WARN_INFINITE_RECURSION = YES;
				CLANG_WARN_INT_CONVERSION = YES;
				CLANG_WARN_NON_LITERAL_NULL_CONVERSION = YES;
				CLANG_WARN_OBJC_IMPLICIT_RETAIN_SELF = YES;
				CLANG_WARN_OBJC_LITERAL_CONVERSION = YES;
				CLANG_WARN_OBJC_ROOT_CLASS = YES_ERROR;
				CLANG_WARN_QUOTED_INCLUDE_IN_FRAMEWORK_HEADER = YES;
				CLANG_WARN_RANGE_LOOP_ANALYSIS = YES;
				CLANG_WARN_STRICT_PROTOTYPES = YES;
				CLANG_WARN_SUSPICIOUS_MOVE = YES;
				CLANG_WARN_UNGUARDED_AVAILABILITY = YES_AGGRESSIVE;
				CLANG_WARN_UNREACHABLE_CODE = YES;
				CLANG_WARN__DUPLICATE_METHOD_MATCH = YES;
				COPY_PHASE_STRIP = NO;
				DEBUG_INFORMATION_FORMAT = "dwarf-with-dsym";
				ENABLE_NS_ASSERTIONS = NO;
				ENABLE_STRICT_OBJC_MSGSEND = YES;
				GCC_C_LANGUAGE_STANDARD = gnu11;
				GCC_NO_COMMON_BLOCKS = YES;
				GCC_WARN_64_TO_32_BIT_CONVERSION = YES;
				GCC_WARN_ABOUT_RETURN_TYPE = YES_ERROR;
				GCC_WARN_UNDECLARED_SELECTOR = YES;
				GCC_WARN_UNINITIALIZED_AUTOS = YES_AGGRESSIVE;
				GCC_WARN_UNUSED_FUNCTION = YES;
				GCC_WARN_UNUSED_VARIABLE = YES;
				IPHONEOS_DEPLOYMENT_TARGET = 14.3;
				MTL_ENABLE_DEBUG_INFO = NO;
				MTL_FAST_MATH = YES;
				SDKROOT = iphoneos;
				SWIFT_COMPILATION_MODE = wholemodule;
				SWIFT_OPTIMIZATION_LEVEL = "-O";
				VALIDATE_PRODUCT = YES;
			};
			name = Release;
		};
		3F6641B425D42B1A009D1027 /* Debug */ = {
			isa = XCBuildConfiguration;
			baseConfigurationReference = 5D99A22C0AEE5006E6943A07 /* Pods-HW4.debug.xcconfig */;
			buildSettings = {
				ASSETCATALOG_COMPILER_APPICON_NAME = AppIcon;
				ASSETCATALOG_COMPILER_GLOBAL_ACCENT_COLOR_NAME = AccentColor;
				CODE_SIGN_STYLE = Automatic;
				DEVELOPMENT_TEAM = XV523T3CW8;
				INFOPLIST_FILE = HW4/Info.plist;
				LD_RUNPATH_SEARCH_PATHS = (
					"$(inherited)",
					"@executable_path/Frameworks",
				);
				PRODUCT_BUNDLE_IDENTIFIER = com.works.HW4;
				PRODUCT_NAME = "$(TARGET_NAME)";
				SWIFT_VERSION = 5.0;
				TARGETED_DEVICE_FAMILY = "1,2";
			};
			name = Debug;
		};
		3F6641B525D42B1A009D1027 /* Release */ = {
			isa = XCBuildConfiguration;
			baseConfigurationReference = AAFE9620D256392557FF381D /* Pods-HW4.release.xcconfig */;
			buildSettings = {
				ASSETCATALOG_COMPILER_APPICON_NAME = AppIcon;
				ASSETCATALOG_COMPILER_GLOBAL_ACCENT_COLOR_NAME = AccentColor;
				CODE_SIGN_STYLE = Automatic;
				DEVELOPMENT_TEAM = XV523T3CW8;
				INFOPLIST_FILE = HW4/Info.plist;
				LD_RUNPATH_SEARCH_PATHS = (
					"$(inherited)",
					"@executable_path/Frameworks",
				);
				PRODUCT_BUNDLE_IDENTIFIER = com.works.HW4;
				PRODUCT_NAME = "$(TARGET_NAME)";
				SWIFT_VERSION = 5.0;
				TARGETED_DEVICE_FAMILY = "1,2";
			};
			name = Release;
		};
/* End XCBuildConfiguration section */

/* Begin XCConfigurationList section */
		3F66419A25D42B17009D1027 /* Build configuration list for PBXProject "HW4" */ = {
			isa = XCConfigurationList;
			buildConfigurations = (
				3F6641B125D42B1A009D1027 /* Debug */,
				3F6641B225D42B1A009D1027 /* Release */,
			);
			defaultConfigurationIsVisible = 0;
			defaultConfigurationName = Release;
		};
		3F6641B325D42B1A009D1027 /* Build configuration list for PBXNativeTarget "HW4" */ = {
			isa = XCConfigurationList;
			buildConfigurations = (
				3F6641B425D42B1A009D1027 /* Debug */,
				3F6641B525D42B1A009D1027 /* Release */,
			);
			defaultConfigurationIsVisible = 0;
			defaultConfigurationName = Release;
		};
/* End XCConfigurationList section */
	};
	rootObject = 3F66419725D42B17009D1027 /* Project object */;
}
